
Microsoft Visual Studio Solution File, Format Version 12.00
# Visual Studio 15
VisualStudioVersion = 15.0.28307.489
MinimumVisualStudioVersion = 10.0.40219.1
Project("{FAE04EC0-301F-11D3-BF4B-00C04F79EFBC}") = "Electric_Check", "Electric_Check\Electric_Check.csproj", "{AB5540FB-A914-46C0-9F84-663CF8957711}"
EndProject
Global
	GlobalSection(SolutionConfigurationPlatforms) = preSolution
		Debug|Any CPU = Debug|Any CPU
		Release|Any CPU = Release|Any CPU
	EndGlobalSection
	GlobalSection(ProjectConfigurationPlatforms) = postSolution
		{AB5540FB-A914-46C0-9F84-663CF8957711}.Debug|Any CPU.ActiveCfg = Debug|Any CPU
		{AB5540FB-A914-46C0-9F84-663CF8957711}.Debug|Any CPU.Build.0 = Debug|Any CPU
		{AB5540FB-A914-46C0-9F84-663CF8957711}.Release|Any CPU.ActiveCfg = Release|Any CPU
		{AB5540FB-A914-46C0-9F84-663CF8957711}.Release|Any CPU.Build.0 = Release|Any CPU
	EndGlobalSection
	GlobalSection(SolutionProperties) = preSolution
		HideSolutionNode = FALSE
	EndGlobalSection
	GlobalSection(ExtensibilityGlobals) = postSolution
		SolutionGuid = {EA663D6C-5A5D-4F1E-8071-0EB875246709}
	EndGlobalSection
EndGlobal
